
Microsoft Visual Studio Solution File, Format Version 12.00
# Visual Studio 15
VisualStudioVersion = 15.0.28307.106
MinimumVisualStudioVersion = 10.0.40219.1
Project("{8BC9CEB8-8B4A-11D0-8D11-00A0C91BC942}") = "ecs-engine", "ecs-engine\ecs-engine.vcxproj", "{AFFDF8E9-51A9-4735-A02F-2D26ACF174EB}"
EndProject
Global
	GlobalSection(SolutionConfigurationPlatforms) = preSolution
		Debug|x64 = Debug|x64
		Debug|x86 = Debug|x86
		Release|x64 = Release|x64
		Release|x86 = Release|x86
	EndGlobalSection
	GlobalSection(ProjectConfigurationPlatforms) = postSolution
		{AFFDF8E9-51A9-4735-A02F-2D26ACF174EB}.Debug|x64.ActiveCfg = Debug|x64
		{AFFDF8E9-51A9-4735-A02F-2D26ACF174EB}.Debug|x64.Build.0 = Debug|x64
		{AFFDF8E9-51A9-4735-A02F-2D26ACF174EB}.Debug|x86.ActiveCfg = Debug|Win32
		{AFFDF8E9-51A9-4735-A02F-2D26ACF174EB}.Debug|x86.Build.0 = Debug|Win32
		{AFFDF8E9-51A9-4735-A02F-2D26ACF174EB}.Release|x64.ActiveCfg = Release|x64
		{AFFDF8E9-51A9-4735-A02F-2D26ACF174EB}.Release|x64.Build.0 = Release|x64
		{AFFDF8E9-51A9-4735-A02F-2D26ACF174EB}.Release|x86.ActiveCfg = Release|Win32
		{AFFDF8E9-51A9-4735-A02F-2D26ACF174EB}.Release|x86.Build.0 = Release|Win32
	EndGlobalSection
	GlobalSection(SolutionProperties) = preSolution
		HideSolutionNode = FALSE
	EndGlobalSection
	GlobalSection(ExtensibilityGlobals) = postSolution
		SolutionGuid = {77FEB7B2-B9D2-41A5-8EBF-775D28AC4D1C}
	EndGlobalSection
EndGlobal
